{
  "name": "messengerblack-chrome",
  "version": "1.0.0",
  "lockfileVersion": 1,
  "requires": true,
  "dependencies": {
    "@messengerblack/messengerblack-css": {
      "version": "0.5.4",
      "resolved": "https://npm.pkg.github.com/download/@messengerblack/messengerblack-css/0.5.4/b9dd71990d88df576109a054a6e06c9f749c1322c4795ec3d376b6913a321a92",
      "integrity": "sha512-SI0BdD1yZr9uzez+xLfG3o8xDWWrWeTauIOTF8mJyt/nlqQmuAzTjDylwKqCTa4IvnSBrTC8C5hYFUxKQsHt9w=="
    },
    "suncalc": {
      "version": "1.8.0",
      "resolved": "https://registry.npmjs.org/suncalc/-/suncalc-1.8.0.tgz",
      "integrity": "sha1-HZiYEJVjB4dQ9JlKlZ5lTYdqy/U="
    }
  }
}
