{
  "name": "messengerblack-chrome",
  "version": "1.0.0",
  "lockfileVersion": 1,
  "requires": true,
  "dependencies": {
    "@messengerblack/messengerblack-css": {
      "version": "0.5.3",
      "resolved": "https://npm.pkg.github.com/download/@messengerblack/messengerblack-css/0.5.3/7016573c3eaa1eb369c08cce694c0513af40c33b1d405e71e14d26a4247d0844",
      "integrity": "sha512-YGV+093PSeDRG5LjnqtkSBLkkel4mm8y0yaGikkDyWNlf3Bay2f5yL6kRV/zW+uV4RwJV8+Hlw9UDwxe+FXdPg=="
    },
    "suncalc": {
      "version": "1.8.0",
      "resolved": "https://registry.npmjs.org/suncalc/-/suncalc-1.8.0.tgz",
      "integrity": "sha1-HZiYEJVjB4dQ9JlKlZ5lTYdqy/U="
    }
  }
}
